// !$*UTF8*$!
{
	archiveVersion = 1;
	classes = {
	};
	objectVersion = 46;
	objects = {

/* Begin PBXBuildFile section */
		FE29B5CE1D326677001FDDB0 /* NFA.cpp in Sources */ = {isa = PBXBuildFile; fileRef = FE29B5CC1D326677001FDDB0 /* NFA.cpp */; };
		FE29B5D21D3272CF001FDDB0 /* DFA.cpp in Sources */ = {isa = PBXBuildFile; fileRef = FE29B5D01D3272CF001FDDB0 /* DFA.cpp */; };
		FE29B5D41D328833001FDDB0 /* utils.cpp in Sources */ = {isa = PBXBuildFile; fileRef = FE29B5D31D328833001FDDB0 /* utils.cpp */; };
		FE4382FF1D3BCB5900E83863 /* AST_Factory.cpp in Sources */ = {isa = PBXBuildFile; fileRef = FE4382FD1D3BCB5900E83863 /* AST_Factory.cpp */; };
		FE43830B1D3D0A4400E83863 /* Operator.cpp in Sources */ = {isa = PBXBuildFile; fileRef = FE4383091D3D0A4400E83863 /* Operator.cpp */; };
		FE964BB41D2CFDA500BA1254 /* main.cpp in Sources */ = {isa = PBXBuildFile; fileRef = FE964BB31D2CFDA500BA1254 /* main.cpp */; };
		FE964BBC1D2CFE9200BA1254 /* Token.cpp in Sources */ = {isa = PBXBuildFile; fileRef = FE964BBA1D2CFE9200BA1254 /* Token.cpp */; };
		FE964BC01D2D042800BA1254 /* Lexer.cpp in Sources */ = {isa = PBXBuildFile; fileRef = FE964BBE1D2D042800BA1254 /* Lexer.cpp */; };
		FEE621871D35AAC5006D3C6C /* Grammar.cpp in Sources */ = {isa = PBXBuildFile; fileRef = FEE621851D35AAC5006D3C6C /* Grammar.cpp */; };
		FEE6218A1D367E55006D3C6C /* SLR_Table.cpp in Sources */ = {isa = PBXBuildFile; fileRef = FEE621881D367E55006D3C6C /* SLR_Table.cpp */; };
		FEE6218D1D369896006D3C6C /* Parser.cpp in Sources */ = {isa = PBXBuildFile; fileRef = FEE6218B1D369896006D3C6C /* Parser.cpp */; };
		FEE621971D3A29AB006D3C6C /* AST.cpp in Sources */ = {isa = PBXBuildFile; fileRef = FEE621951D3A29AB006D3C6C /* AST.cpp */; };
/* End PBXBuildFile section */

/* Begin PBXCopyFilesBuildPhase section */
		FE964BAE1D2CFDA500BA1254 /* CopyFiles */ = {
			isa = PBXCopyFilesBuildPhase;
			buildActionMask = 2147483647;
			dstPath = /usr/share/man/man1/;
			dstSubfolderSpec = 0;
			files = (
			);
			runOnlyForDeploymentPostprocessing = 1;
		};
/* End PBXCopyFilesBuildPhase section */

/* Begin PBXFileReference section */
		FE29B5CB1D325DBC001FDDB0 /* todo */ = {isa = PBXFileReference; fileEncoding = 4; lastKnownFileType = text; path = todo; sourceTree = "<group>"; };
		FE29B5CC1D326677001FDDB0 /* NFA.cpp */ = {isa = PBXFileReference; fileEncoding = 4; lastKnownFileType = sourcecode.cpp.cpp; path = NFA.cpp; sourceTree = "<group>"; };
		FE29B5CD1D326677001FDDB0 /* NFA.hpp */ = {isa = PBXFileReference; fileEncoding = 4; lastKnownFileType = sourcecode.cpp.h; path = NFA.hpp; sourceTree = "<group>"; };
		FE29B5CF1D3267F2001FDDB0 /* grammar_definition */ = {isa = PBXFileReference; fileEncoding = 4; lastKnownFileType = text; path = grammar_definition; sourceTree = "<group>"; };
		FE29B5D01D3272CF001FDDB0 /* DFA.cpp */ = {isa = PBXFileReference; fileEncoding = 4; lastKnownFileType = sourcecode.cpp.cpp; path = DFA.cpp; sourceTree = "<group>"; };
		FE29B5D11D3272CF001FDDB0 /* DFA.hpp */ = {isa = PBXFileReference; fileEncoding = 4; lastKnownFileType = sourcecode.cpp.h; path = DFA.hpp; sourceTree = "<group>"; };
		FE29B5D31D328833001FDDB0 /* utils.cpp */ = {isa = PBXFileReference; fileEncoding = 4; lastKnownFileType = sourcecode.cpp.cpp; path = utils.cpp; sourceTree = "<group>"; };
		FE4382FD1D3BCB5900E83863 /* AST_Factory.cpp */ = {isa = PBXFileReference; fileEncoding = 4; lastKnownFileType = sourcecode.cpp.cpp; path = AST_Factory.cpp; sourceTree = "<group>"; };
		FE4382FE1D3BCB5900E83863 /* AST_Factory.hpp */ = {isa = PBXFileReference; fileEncoding = 4; lastKnownFileType = sourcecode.cpp.h; path = AST_Factory.hpp; sourceTree = "<group>"; };
		FE4383011D3BCBF500E83863 /* ParseStackElement.hpp */ = {isa = PBXFileReference; fileEncoding = 4; lastKnownFileType = sourcecode.cpp.h; path = ParseStackElement.hpp; sourceTree = "<group>"; };
		FE4383061D3CC63300E83863 /* Value.h */ = {isa = PBXFileReference; lastKnownFileType = sourcecode.c.h; path = Value.h; sourceTree = "<group>"; };
		FE4383071D3CED2F00E83863 /* try.scr */ = {isa = PBXFileReference; fileEncoding = 4; lastKnownFileType = text; path = try.scr; sourceTree = "<group>"; };
		FE4383091D3D0A4400E83863 /* Operator.cpp */ = {isa = PBXFileReference; fileEncoding = 4; lastKnownFileType = sourcecode.cpp.cpp; path = Operator.cpp; sourceTree = "<group>"; };
		FE43830A1D3D0A4400E83863 /* Operator.hpp */ = {isa = PBXFileReference; fileEncoding = 4; lastKnownFileType = sourcecode.cpp.h; path = Operator.hpp; sourceTree = "<group>"; };
		FE43830C1D3D1F3F00E83863 /* utils.h */ = {isa = PBXFileReference; lastKnownFileType = sourcecode.c.h; path = utils.h; sourceTree = "<group>"; };
		FE964BB01D2CFDA500BA1254 /* Interpreter */ = {isa = PBXFileReference; explicitFileType = "compiled.mach-o.executable"; includeInIndex = 0; path = Interpreter; sourceTree = BUILT_PRODUCTS_DIR; };
		FE964BB31D2CFDA500BA1254 /* main.cpp */ = {isa = PBXFileReference; lastKnownFileType = sourcecode.cpp.cpp; path = main.cpp; sourceTree = "<group>"; };
		FE964BBA1D2CFE9200BA1254 /* Token.cpp */ = {isa = PBXFileReference; fileEncoding = 4; lastKnownFileType = sourcecode.cpp.cpp; path = Token.cpp; sourceTree = "<group>"; };
		FE964BBB1D2CFE9200BA1254 /* Token.hpp */ = {isa = PBXFileReference; fileEncoding = 4; lastKnownFileType = sourcecode.cpp.h; path = Token.hpp; sourceTree = "<group>"; };
		FE964BBD1D2CFEB500BA1254 /* common.h */ = {isa = PBXFileReference; lastKnownFileType = sourcecode.c.h; path = common.h; sourceTree = "<group>"; };
		FE964BBE1D2D042800BA1254 /* Lexer.cpp */ = {isa = PBXFileReference; fileEncoding = 4; lastKnownFileType = sourcecode.cpp.cpp; path = Lexer.cpp; sourceTree = "<group>"; };
		FE964BBF1D2D042800BA1254 /* Lexer.hpp */ = {isa = PBXFileReference; fileEncoding = 4; lastKnownFileType = sourcecode.cpp.h; path = Lexer.hpp; sourceTree = "<group>"; };
		FEE621851D35AAC5006D3C6C /* Grammar.cpp */ = {isa = PBXFileReference; fileEncoding = 4; lastKnownFileType = sourcecode.cpp.cpp; path = Grammar.cpp; sourceTree = "<group>"; };
		FEE621861D35AAC5006D3C6C /* Grammar.hpp */ = {isa = PBXFileReference; fileEncoding = 4; lastKnownFileType = sourcecode.cpp.h; path = Grammar.hpp; sourceTree = "<group>"; };
		FEE621881D367E55006D3C6C /* SLR_Table.cpp */ = {isa = PBXFileReference; fileEncoding = 4; lastKnownFileType = sourcecode.cpp.cpp; path = SLR_Table.cpp; sourceTree = "<group>"; };
		FEE621891D367E55006D3C6C /* SLR_Table.hpp */ = {isa = PBXFileReference; fileEncoding = 4; lastKnownFileType = sourcecode.cpp.h; path = SLR_Table.hpp; sourceTree = "<group>"; };
		FEE6218B1D369896006D3C6C /* Parser.cpp */ = {isa = PBXFileReference; fileEncoding = 4; lastKnownFileType = sourcecode.cpp.cpp; path = Parser.cpp; sourceTree = "<group>"; };
		FEE6218C1D369896006D3C6C /* Parser.hpp */ = {isa = PBXFileReference; fileEncoding = 4; lastKnownFileType = sourcecode.cpp.h; path = Parser.hpp; sourceTree = "<group>"; };
		FEE621951D3A29AB006D3C6C /* AST.cpp */ = {isa = PBXFileReference; fileEncoding = 4; lastKnownFileType = sourcecode.cpp.cpp; path = AST.cpp; sourceTree = "<group>"; };
		FEE621961D3A29AB006D3C6C /* AST.hpp */ = {isa = PBXFileReference; fileEncoding = 4; lastKnownFileType = sourcecode.cpp.h; path = AST.hpp; sourceTree = "<group>"; };
/* End PBXFileReference section */

/* Begin PBXFrameworksBuildPhase section */
		FE964BAD1D2CFDA500BA1254 /* Frameworks */ = {
			isa = PBXFrameworksBuildPhase;
			buildActionMask = 2147483647;
			files = (
			);
			runOnlyForDeploymentPostprocessing = 0;
		};
/* End PBXFrameworksBuildPhase section */

/* Begin PBXGroup section */
		FE4382FC1D3BB4B300E83863 /* AST */ = {
			isa = PBXGroup;
			children = (
				FEE621961D3A29AB006D3C6C /* AST.hpp */,
				FEE621951D3A29AB006D3C6C /* AST.cpp */,
				FE4382FE1D3BCB5900E83863 /* AST_Factory.hpp */,
				FE4382FD1D3BCB5900E83863 /* AST_Factory.cpp */,
			);
			name = AST;
			sourceTree = "<group>";
		};
		FE4383031D3BE41700E83863 /* Lexer */ = {
			isa = PBXGroup;
			children = (
				FE964BBB1D2CFE9200BA1254 /* Token.hpp */,
				FE964BBA1D2CFE9200BA1254 /* Token.cpp */,
				FE964BBF1D2D042800BA1254 /* Lexer.hpp */,
				FE964BBE1D2D042800BA1254 /* Lexer.cpp */,
			);
			name = Lexer;
			sourceTree = "<group>";
		};
		FE4383081D3D005B00E83863 /* Common */ = {
			isa = PBXGroup;
			children = (
				FE964BBD1D2CFEB500BA1254 /* common.h */,
				FE4383061D3CC63300E83863 /* Value.h */,
				FE43830A1D3D0A4400E83863 /* Operator.hpp */,
				FE4383091D3D0A4400E83863 /* Operator.cpp */,
				FE43830C1D3D1F3F00E83863 /* utils.h */,
				FE29B5D31D328833001FDDB0 /* utils.cpp */,
			);
			name = Common;
			sourceTree = "<group>";
		};
		FE964BA71D2CFDA500BA1254 = {
			isa = PBXGroup;
			children = (
				FE964BB21D2CFDA500BA1254 /* Interpreter */,
				FE964BB11D2CFDA500BA1254 /* Products */,
			);
			sourceTree = "<group>";
		};
		FE964BB11D2CFDA500BA1254 /* Products */ = {
			isa = PBXGroup;
			children = (
				FE964BB01D2CFDA500BA1254 /* Interpreter */,
			);
			name = Products;
			sourceTree = "<group>";
		};
		FE964BB21D2CFDA500BA1254 /* Interpreter */ = {
			isa = PBXGroup;
			children = (
				FE964BB31D2CFDA500BA1254 /* main.cpp */,
				FE4383081D3D005B00E83863 /* Common */,
				FE4383031D3BE41700E83863 /* Lexer */,
				FEE621811D35A92E006D3C6C /* parser */,
				FE4382FC1D3BB4B300E83863 /* AST */,
				FE29B5CF1D3267F2001FDDB0 /* grammar_definition */,
				FE4383071D3CED2F00E83863 /* try.scr */,
				FE29B5CB1D325DBC001FDDB0 /* todo */,
			);
			path = Interpreter;
			sourceTree = "<group>";
		};
		FEE621811D35A92E006D3C6C /* parser */ = {
			isa = PBXGroup;
			children = (
				FEE6218C1D369896006D3C6C /* Parser.hpp */,
				FEE6218B1D369896006D3C6C /* Parser.cpp */,
				FE4383011D3BCBF500E83863 /* ParseStackElement.hpp */,
				FEE621891D367E55006D3C6C /* SLR_Table.hpp */,
				FEE621881D367E55006D3C6C /* SLR_Table.cpp */,
				FE29B5D11D3272CF001FDDB0 /* DFA.hpp */,
				FE29B5D01D3272CF001FDDB0 /* DFA.cpp */,
				FE29B5CD1D326677001FDDB0 /* NFA.hpp */,
				FE29B5CC1D326677001FDDB0 /* NFA.cpp */,
				FEE621861D35AAC5006D3C6C /* Grammar.hpp */,
				FEE621851D35AAC5006D3C6C /* Grammar.cpp */,
			);
			name = parser;
			sourceTree = "<group>";
		};
/* End PBXGroup section */

/* Begin PBXNativeTarget section */
		FE964BAF1D2CFDA500BA1254 /* Interpreter */ = {
			isa = PBXNativeTarget;
			buildConfigurationList = FE964BB71D2CFDA500BA1254 /* Build configuration list for PBXNativeTarget "Interpreter" */;
			buildPhases = (
				FE964BAC1D2CFDA500BA1254 /* Sources */,
				FE964BAD1D2CFDA500BA1254 /* Frameworks */,
				FE964BAE1D2CFDA500BA1254 /* CopyFiles */,
			);
			buildRules = (
			);
			dependencies = (
			);
			name = Interpreter;
			productName = Interpreter;
			productReference = FE964BB01D2CFDA500BA1254 /* Interpreter */;
			productType = "com.apple.product-type.tool";
		};
/* End PBXNativeTarget section */

/* Begin PBXProject section */
		FE964BA81D2CFDA500BA1254 /* Project object */ = {
			isa = PBXProject;
			attributes = {
				LastUpgradeCheck = 0730;
				ORGANIZATIONNAME = Vonage;
				TargetAttributes = {
					FE964BAF1D2CFDA500BA1254 = {
						CreatedOnToolsVersion = 7.3;
					};
				};
			};
			buildConfigurationList = FE964BAB1D2CFDA500BA1254 /* Build configuration list for PBXProject "Interpreter" */;
			compatibilityVersion = "Xcode 3.2";
			developmentRegion = English;
			hasScannedForEncodings = 0;
			knownRegions = (
				en,
			);
			mainGroup = FE964BA71D2CFDA500BA1254;
			productRefGroup = FE964BB11D2CFDA500BA1254 /* Products */;
			projectDirPath = "";
			projectRoot = "";
			targets = (
				FE964BAF1D2CFDA500BA1254 /* Interpreter */,
			);
		};
/* End PBXProject section */

/* Begin PBXSourcesBuildPhase section */
		FE964BAC1D2CFDA500BA1254 /* Sources */ = {
			isa = PBXSourcesBuildPhase;
			buildActionMask = 2147483647;
			files = (
				FEE621971D3A29AB006D3C6C /* AST.cpp in Sources */,
				FE4382FF1D3BCB5900E83863 /* AST_Factory.cpp in Sources */,
				FE964BC01D2D042800BA1254 /* Lexer.cpp in Sources */,
				FE29B5CE1D326677001FDDB0 /* NFA.cpp in Sources */,
				FE964BB41D2CFDA500BA1254 /* main.cpp in Sources */,
				FEE621871D35AAC5006D3C6C /* Grammar.cpp in Sources */,
				FEE6218D1D369896006D3C6C /* Parser.cpp in Sources */,
				FE29B5D41D328833001FDDB0 /* utils.cpp in Sources */,
				FE29B5D21D3272CF001FDDB0 /* DFA.cpp in Sources */,
				FE43830B1D3D0A4400E83863 /* Operator.cpp in Sources */,
				FEE6218A1D367E55006D3C6C /* SLR_Table.cpp in Sources */,
				FE964BBC1D2CFE9200BA1254 /* Token.cpp in Sources */,
			);
			runOnlyForDeploymentPostprocessing = 0;
		};
/* End PBXSourcesBuildPhase section */

/* Begin XCBuildConfiguration section */
		FE964BB51D2CFDA500BA1254 /* Debug */ = {
			isa = XCBuildConfiguration;
			buildSettings = {
				ALWAYS_SEARCH_USER_PATHS = NO;
				CLANG_ANALYZER_NONNULL = YES;
				CLANG_CXX_LANGUAGE_STANDARD = "gnu++0x";
				CLANG_CXX_LIBRARY = "libc++";
				CLANG_ENABLE_MODULES = YES;
				CLANG_ENABLE_OBJC_ARC = YES;
				CLANG_WARN_BOOL_CONVERSION = YES;
				CLANG_WARN_CONSTANT_CONVERSION = YES;
				CLANG_WARN_DIRECT_OBJC_ISA_USAGE = YES_ERROR;
				CLANG_WARN_EMPTY_BODY = YES;
				CLANG_WARN_ENUM_CONVERSION = YES;
				CLANG_WARN_INT_CONVERSION = YES;
				CLANG_WARN_OBJC_ROOT_CLASS = YES_ERROR;
				CLANG_WARN_UNREACHABLE_CODE = YES;
				CLANG_WARN__DUPLICATE_METHOD_MATCH = YES;
				CODE_SIGN_IDENTITY = "-";
				COPY_PHASE_STRIP = NO;
				DEBUG_INFORMATION_FORMAT = dwarf;
				ENABLE_STRICT_OBJC_MSGSEND = YES;
				ENABLE_TESTABILITY = YES;
				GCC_C_LANGUAGE_STANDARD = gnu99;
				GCC_DYNAMIC_NO_PIC = NO;
				GCC_NO_COMMON_BLOCKS = YES;
				GCC_OPTIMIZATION_LEVEL = 0;
				GCC_PREPROCESSOR_DEFINITIONS = (
					"DEBUG=1",
					"$(inherited)",
				);
				GCC_WARN_64_TO_32_BIT_CONVERSION = YES;
				GCC_WARN_ABOUT_RETURN_TYPE = YES_ERROR;
				GCC_WARN_UNDECLARED_SELECTOR = YES;
				GCC_WARN_UNINITIALIZED_AUTOS = YES_AGGRESSIVE;
				GCC_WARN_UNUSED_FUNCTION = YES;
				GCC_WARN_UNUSED_VARIABLE = YES;
				MACOSX_DEPLOYMENT_TARGET = 10.11;
				MTL_ENABLE_DEBUG_INFO = YES;
				ONLY_ACTIVE_ARCH = YES;
				SDKROOT = macosx;
			};
			name = Debug;
		};
		FE964BB61D2CFDA500BA1254 /* Release */ = {
			isa = XCBuildConfiguration;
			buildSettings = {
				ALWAYS_SEARCH_USER_PATHS = NO;
				CLANG_ANALYZER_NONNULL = YES;
				CLANG_CXX_LANGUAGE_STANDARD = "gnu++0x";
				CLANG_CXX_LIBRARY = "libc++";
				CLANG_ENABLE_MODULES = YES;
				CLANG_ENABLE_OBJC_ARC = YES;
				CLANG_WARN_BOOL_CONVERSION = YES;
				CLANG_WARN_CONSTANT_CONVERSION = YES;
				CLANG_WARN_DIRECT_OBJC_ISA_USAGE = YES_ERROR;
				CLANG_WARN_EMPTY_BODY = YES;
				CLANG_WARN_ENUM_CONVERSION = YES;
				CLANG_WARN_INT_CONVERSION = YES;
				CLANG_WARN_OBJC_ROOT_CLASS = YES_ERROR;
				CLANG_WARN_UNREACHABLE_CODE = YES;
				CLANG_WARN__DUPLICATE_METHOD_MATCH = YES;
				CODE_SIGN_IDENTITY = "-";
				COPY_PHASE_STRIP = NO;
				DEBUG_INFORMATION_FORMAT = "dwarf-with-dsym";
				ENABLE_NS_ASSERTIONS = NO;
				ENABLE_STRICT_OBJC_MSGSEND = YES;
				GCC_C_LANGUAGE_STANDARD = gnu99;
				GCC_NO_COMMON_BLOCKS = YES;
				GCC_WARN_64_TO_32_BIT_CONVERSION = YES;
				GCC_WARN_ABOUT_RETURN_TYPE = YES_ERROR;
				GCC_WARN_UNDECLARED_SELECTOR = YES;
				GCC_WARN_UNINITIALIZED_AUTOS = YES_AGGRESSIVE;
				GCC_WARN_UNUSED_FUNCTION = YES;
				GCC_WARN_UNUSED_VARIABLE = YES;
				MACOSX_DEPLOYMENT_TARGET = 10.11;
				MTL_ENABLE_DEBUG_INFO = NO;
				SDKROOT = macosx;
			};
			name = Release;
		};
		FE964BB81D2CFDA500BA1254 /* Debug */ = {
			isa = XCBuildConfiguration;
			buildSettings = {
				GCC_WARN_64_TO_32_BIT_CONVERSION = NO;
				PRODUCT_NAME = "$(TARGET_NAME)";
			};
			name = Debug;
		};
		FE964BB91D2CFDA500BA1254 /* Release */ = {
			isa = XCBuildConfiguration;
			buildSettings = {
				GCC_WARN_64_TO_32_BIT_CONVERSION = NO;
				PRODUCT_NAME = "$(TARGET_NAME)";
			};
			name = Release;
		};
/* End XCBuildConfiguration section */

/* Begin XCConfigurationList section */
		FE964BAB1D2CFDA500BA1254 /* Build configuration list for PBXProject "Interpreter" */ = {
			isa = XCConfigurationList;
			buildConfigurations = (
				FE964BB51D2CFDA500BA1254 /* Debug */,
				FE964BB61D2CFDA500BA1254 /* Release */,
			);
			defaultConfigurationIsVisible = 0;
			defaultConfigurationName = Release;
		};
		FE964BB71D2CFDA500BA1254 /* Build configuration list for PBXNativeTarget "Interpreter" */ = {
			isa = XCConfigurationList;
			buildConfigurations = (
				FE964BB81D2CFDA500BA1254 /* Debug */,
				FE964BB91D2CFDA500BA1254 /* Release */,
			);
			defaultConfigurationIsVisible = 0;
			defaultConfigurationName = Release;
		};
/* End XCConfigurationList section */
	};
	rootObject = FE964BA81D2CFDA500BA1254 /* Project object */;
}
