// !$*UTF8*$!
{
	archiveVersion = 1;
	classes = {
	};
	objectVersion = 46;
	objects = {

/* Begin PBXBuildFile section */
		FE1EE4271D40E292006A721A /* Operator.cpp in Sources */ = {isa = PBXBuildFile; fileRef = FE1EE4251D40E292006A721A /* Operator.cpp */; };
		FE1EE4291D40E2A3006A721A /* main.cpp in Sources */ = {isa = PBXBuildFile; fileRef = FE1EE4281D40E2A3006A721A /* main.cpp */; };
		FE3275391D4512AE00DC6AF7 /* SymbolTable.cpp in Sources */ = {isa = PBXBuildFile; fileRef = FE3275371D4512AE00DC6AF7 /* SymbolTable.cpp */; };
		FE32753D1D45169800DC6AF7 /* Interpreter.cpp in Sources */ = {isa = PBXBuildFile; fileRef = FE32753B1D45169800DC6AF7 /* Interpreter.cpp */; };
		FEF4A6991D40E43700319EC9 /* Symbol.cpp in Sources */ = {isa = PBXBuildFile; fileRef = FEF4A6971D40E43700319EC9 /* Symbol.cpp */; };
		FEF4A69E1D40E45200319EC9 /* utils.cpp in Sources */ = {isa = PBXBuildFile; fileRef = FEF4A69C1D40E45200319EC9 /* utils.cpp */; };
		FEF4A6A41D40E4B600319EC9 /* Parser.cpp in Sources */ = {isa = PBXBuildFile; fileRef = FEF4A6A21D40E4B600319EC9 /* Parser.cpp */; };
		FEF4A6A81D40F12800319EC9 /* ParserTables.cpp in Sources */ = {isa = PBXBuildFile; fileRef = FEF4A6A71D40F12800319EC9 /* ParserTables.cpp */; };
		FEF4A6B11D41118500319EC9 /* AST.cpp in Sources */ = {isa = PBXBuildFile; fileRef = FEF4A6B01D41118500319EC9 /* AST.cpp */; };
		FEF4A6B31D41128600319EC9 /* Lexer.cpp in Sources */ = {isa = PBXBuildFile; fileRef = FEF4A6B21D41128600319EC9 /* Lexer.cpp */; };
		FEF4A6FA1D436E4400319EC9 /* Value.cpp in Sources */ = {isa = PBXBuildFile; fileRef = FEF4A6F81D436E4400319EC9 /* Value.cpp */; };
/* End PBXBuildFile section */

/* Begin PBXCopyFilesBuildPhase section */
		FE1EE3C71D40BA93006A721A /* CopyFiles */ = {
			isa = PBXCopyFilesBuildPhase;
			buildActionMask = 2147483647;
			dstPath = /usr/share/man/man1/;
			dstSubfolderSpec = 0;
			files = (
			);
			runOnlyForDeploymentPostprocessing = 1;
		};
/* End PBXCopyFilesBuildPhase section */

/* Begin PBXFileReference section */
		FE1EE3C91D40BA93006A721A /* InterpreterRuntime */ = {isa = PBXFileReference; explicitFileType = "compiled.mach-o.executable"; includeInIndex = 0; path = InterpreterRuntime; sourceTree = BUILT_PRODUCTS_DIR; };
		FE1EE3EB1D40BB11006A721A /* todo */ = {isa = PBXFileReference; fileEncoding = 4; lastKnownFileType = text; path = todo; sourceTree = "<group>"; };
		FE1EE4251D40E292006A721A /* Operator.cpp */ = {isa = PBXFileReference; fileEncoding = 4; lastKnownFileType = sourcecode.cpp.cpp; path = Operator.cpp; sourceTree = "<group>"; };
		FE1EE4261D40E292006A721A /* Operator.hpp */ = {isa = PBXFileReference; fileEncoding = 4; lastKnownFileType = sourcecode.cpp.h; path = Operator.hpp; sourceTree = "<group>"; };
		FE1EE4281D40E2A3006A721A /* main.cpp */ = {isa = PBXFileReference; fileEncoding = 4; lastKnownFileType = sourcecode.cpp.cpp; path = main.cpp; sourceTree = "<group>"; };
		FE3275371D4512AE00DC6AF7 /* SymbolTable.cpp */ = {isa = PBXFileReference; fileEncoding = 4; lastKnownFileType = sourcecode.cpp.cpp; path = SymbolTable.cpp; sourceTree = "<group>"; };
		FE3275381D4512AE00DC6AF7 /* SymbolTable.hpp */ = {isa = PBXFileReference; fileEncoding = 4; lastKnownFileType = sourcecode.cpp.h; path = SymbolTable.hpp; sourceTree = "<group>"; };
		FE32753B1D45169800DC6AF7 /* Interpreter.cpp */ = {isa = PBXFileReference; fileEncoding = 4; lastKnownFileType = sourcecode.cpp.cpp; path = Interpreter.cpp; sourceTree = "<group>"; };
		FE32753C1D45169800DC6AF7 /* Interpreter.hpp */ = {isa = PBXFileReference; fileEncoding = 4; lastKnownFileType = sourcecode.cpp.h; path = Interpreter.hpp; sourceTree = "<group>"; };
		FE32753F1D4602C800DC6AF7 /* AstVisitor.hpp */ = {isa = PBXFileReference; fileEncoding = 4; lastKnownFileType = sourcecode.cpp.h; path = AstVisitor.hpp; sourceTree = "<group>"; };
		FEF4A6971D40E43700319EC9 /* Symbol.cpp */ = {isa = PBXFileReference; fileEncoding = 4; lastKnownFileType = sourcecode.cpp.cpp; path = Symbol.cpp; sourceTree = "<group>"; };
		FEF4A6981D40E43700319EC9 /* Symbol.hpp */ = {isa = PBXFileReference; fileEncoding = 4; lastKnownFileType = sourcecode.cpp.h; path = Symbol.hpp; sourceTree = "<group>"; };
		FEF4A69A1D40E45200319EC9 /* bimap.h */ = {isa = PBXFileReference; fileEncoding = 4; lastKnownFileType = sourcecode.c.h; path = bimap.h; sourceTree = "<group>"; };
		FEF4A69B1D40E45200319EC9 /* common_headers.h */ = {isa = PBXFileReference; fileEncoding = 4; lastKnownFileType = sourcecode.c.h; path = common_headers.h; sourceTree = "<group>"; };
		FEF4A69C1D40E45200319EC9 /* utils.cpp */ = {isa = PBXFileReference; fileEncoding = 4; lastKnownFileType = sourcecode.cpp.cpp; path = utils.cpp; sourceTree = "<group>"; };
		FEF4A69D1D40E45200319EC9 /* utils.hpp */ = {isa = PBXFileReference; fileEncoding = 4; lastKnownFileType = sourcecode.cpp.h; path = utils.hpp; sourceTree = "<group>"; };
		FEF4A6A21D40E4B600319EC9 /* Parser.cpp */ = {isa = PBXFileReference; fileEncoding = 4; lastKnownFileType = sourcecode.cpp.cpp; path = Parser.cpp; sourceTree = "<group>"; };
		FEF4A6A31D40E4B600319EC9 /* Parser.hpp */ = {isa = PBXFileReference; fileEncoding = 4; lastKnownFileType = sourcecode.cpp.h; path = Parser.hpp; sourceTree = "<group>"; };
		FEF4A6A71D40F12800319EC9 /* ParserTables.cpp */ = {isa = PBXFileReference; fileEncoding = 4; lastKnownFileType = sourcecode.cpp.cpp; path = ParserTables.cpp; sourceTree = "<group>"; };
		FEF4A6A91D410A8B00319EC9 /* Token.hpp */ = {isa = PBXFileReference; fileEncoding = 4; lastKnownFileType = sourcecode.cpp.h; path = Token.hpp; sourceTree = "<group>"; };
		FEF4A6AA1D410AE900319EC9 /* AST.hpp */ = {isa = PBXFileReference; fileEncoding = 4; lastKnownFileType = sourcecode.cpp.h; path = AST.hpp; sourceTree = "<group>"; };
		FEF4A6AB1D410B0500319EC9 /* ParseStackElement.hpp */ = {isa = PBXFileReference; fileEncoding = 4; lastKnownFileType = sourcecode.cpp.h; path = ParseStackElement.hpp; sourceTree = "<group>"; };
		FEF4A6B01D41118500319EC9 /* AST.cpp */ = {isa = PBXFileReference; fileEncoding = 4; lastKnownFileType = sourcecode.cpp.cpp; path = AST.cpp; sourceTree = "<group>"; };
		FEF4A6B21D41128600319EC9 /* Lexer.cpp */ = {isa = PBXFileReference; fileEncoding = 4; lastKnownFileType = sourcecode.cpp.cpp; path = Lexer.cpp; sourceTree = "<group>"; };
		FEF4A6F71D4112BD00319EC9 /* Lexer.hpp */ = {isa = PBXFileReference; fileEncoding = 4; lastKnownFileType = sourcecode.cpp.h; path = Lexer.hpp; sourceTree = "<group>"; };
		FEF4A6F81D436E4400319EC9 /* Value.cpp */ = {isa = PBXFileReference; fileEncoding = 4; lastKnownFileType = sourcecode.cpp.cpp; path = Value.cpp; sourceTree = "<group>"; };
		FEF4A6F91D436E4400319EC9 /* Value.hpp */ = {isa = PBXFileReference; fileEncoding = 4; lastKnownFileType = sourcecode.cpp.h; path = Value.hpp; sourceTree = "<group>"; };
/* End PBXFileReference section */

/* Begin PBXFrameworksBuildPhase section */
		FE1EE3C61D40BA93006A721A /* Frameworks */ = {
			isa = PBXFrameworksBuildPhase;
			buildActionMask = 2147483647;
			files = (
			);
			runOnlyForDeploymentPostprocessing = 0;
		};
/* End PBXFrameworksBuildPhase section */

/* Begin PBXGroup section */
		FE1EE3C01D40BA93006A721A = {
			isa = PBXGroup;
			children = (
				FE1EE3CB1D40BA93006A721A /* InterpreterRuntime */,
				FE1EE3CA1D40BA93006A721A /* Products */,
			);
			sourceTree = "<group>";
		};
		FE1EE3CA1D40BA93006A721A /* Products */ = {
			isa = PBXGroup;
			children = (
				FE1EE3C91D40BA93006A721A /* InterpreterRuntime */,
			);
			name = Products;
			sourceTree = "<group>";
		};
		FE1EE3CB1D40BA93006A721A /* InterpreterRuntime */ = {
			isa = PBXGroup;
			children = (
				FE1EE4281D40E2A3006A721A /* main.cpp */,
				FEF4A6AF1D41114500319EC9 /* Utils */,
				FEF4A6AC1D4110F600319EC9 /* Lexer */,
				FEF4A6AE1D41111F00319EC9 /* Parser */,
				FEF4A6AD1D41110400319EC9 /* AST */,
				FE32753A1D4515E400DC6AF7 /* Interpreter */,
				FE1EE3EB1D40BB11006A721A /* todo */,
			);
			path = InterpreterRuntime;
			sourceTree = "<group>";
		};
		FE32753A1D4515E400DC6AF7 /* Interpreter */ = {
			isa = PBXGroup;
			children = (
				FE3275381D4512AE00DC6AF7 /* SymbolTable.hpp */,
				FE3275371D4512AE00DC6AF7 /* SymbolTable.cpp */,
				FE32753C1D45169800DC6AF7 /* Interpreter.hpp */,
				FE32753B1D45169800DC6AF7 /* Interpreter.cpp */,
			);
			name = Interpreter;
			sourceTree = "<group>";
		};
		FEF4A6AC1D4110F600319EC9 /* Lexer */ = {
			isa = PBXGroup;
			children = (
				FEF4A6A91D410A8B00319EC9 /* Token.hpp */,
				FEF4A6F71D4112BD00319EC9 /* Lexer.hpp */,
				FEF4A6B21D41128600319EC9 /* Lexer.cpp */,
			);
			name = Lexer;
			sourceTree = "<group>";
		};
		FEF4A6AD1D41110400319EC9 /* AST */ = {
			isa = PBXGroup;
			children = (
				FEF4A6F91D436E4400319EC9 /* Value.hpp */,
				FEF4A6F81D436E4400319EC9 /* Value.cpp */,
				FE1EE4261D40E292006A721A /* Operator.hpp */,
				FE1EE4251D40E292006A721A /* Operator.cpp */,
				FEF4A6AA1D410AE900319EC9 /* AST.hpp */,
				FEF4A6B01D41118500319EC9 /* AST.cpp */,
				FE32753F1D4602C800DC6AF7 /* AstVisitor.hpp */,
			);
			name = AST;
			sourceTree = "<group>";
		};
		FEF4A6AE1D41111F00319EC9 /* Parser */ = {
			isa = PBXGroup;
			children = (
				FEF4A6AB1D410B0500319EC9 /* ParseStackElement.hpp */,
				FEF4A6A31D40E4B600319EC9 /* Parser.hpp */,
				FEF4A6A71D40F12800319EC9 /* ParserTables.cpp */,
				FEF4A6A21D40E4B600319EC9 /* Parser.cpp */,
			);
			name = Parser;
			sourceTree = "<group>";
		};
		FEF4A6AF1D41114500319EC9 /* Utils */ = {
			isa = PBXGroup;
			children = (
				FEF4A69B1D40E45200319EC9 /* common_headers.h */,
				FEF4A69A1D40E45200319EC9 /* bimap.h */,
				FEF4A69D1D40E45200319EC9 /* utils.hpp */,
				FEF4A69C1D40E45200319EC9 /* utils.cpp */,
				FEF4A6981D40E43700319EC9 /* Symbol.hpp */,
				FEF4A6971D40E43700319EC9 /* Symbol.cpp */,
			);
			name = Utils;
			sourceTree = "<group>";
		};
/* End PBXGroup section */

/* Begin PBXNativeTarget section */
		FE1EE3C81D40BA93006A721A /* InterpreterRuntime */ = {
			isa = PBXNativeTarget;
			buildConfigurationList = FE1EE3D01D40BA93006A721A /* Build configuration list for PBXNativeTarget "InterpreterRuntime" */;
			buildPhases = (
				FE1EE3C51D40BA93006A721A /* Sources */,
				FE1EE3C61D40BA93006A721A /* Frameworks */,
				FE1EE3C71D40BA93006A721A /* CopyFiles */,
			);
			buildRules = (
			);
			dependencies = (
			);
			name = InterpreterRuntime;
			productName = InterpreterRuntime;
			productReference = FE1EE3C91D40BA93006A721A /* InterpreterRuntime */;
			productType = "com.apple.product-type.tool";
		};
/* End PBXNativeTarget section */

/* Begin PBXProject section */
		FE1EE3C11D40BA93006A721A /* Project object */ = {
			isa = PBXProject;
			attributes = {
				LastUpgradeCheck = 0730;
				ORGANIZATIONNAME = Vonage;
				TargetAttributes = {
					FE1EE3C81D40BA93006A721A = {
						CreatedOnToolsVersion = 7.3;
					};
				};
			};
			buildConfigurationList = FE1EE3C41D40BA93006A721A /* Build configuration list for PBXProject "InterpreterRuntime" */;
			compatibilityVersion = "Xcode 3.2";
			developmentRegion = English;
			hasScannedForEncodings = 0;
			knownRegions = (
				en,
			);
			mainGroup = FE1EE3C01D40BA93006A721A;
			productRefGroup = FE1EE3CA1D40BA93006A721A /* Products */;
			projectDirPath = "";
			projectRoot = "";
			targets = (
				FE1EE3C81D40BA93006A721A /* InterpreterRuntime */,
			);
		};
/* End PBXProject section */

/* Begin PBXSourcesBuildPhase section */
		FE1EE3C51D40BA93006A721A /* Sources */ = {
			isa = PBXSourcesBuildPhase;
			buildActionMask = 2147483647;
			files = (
				FE1EE4291D40E2A3006A721A /* main.cpp in Sources */,
				FEF4A6A81D40F12800319EC9 /* ParserTables.cpp in Sources */,
				FE32753D1D45169800DC6AF7 /* Interpreter.cpp in Sources */,
				FEF4A6FA1D436E4400319EC9 /* Value.cpp in Sources */,
				FEF4A6B31D41128600319EC9 /* Lexer.cpp in Sources */,
				FE3275391D4512AE00DC6AF7 /* SymbolTable.cpp in Sources */,
				FE1EE4271D40E292006A721A /* Operator.cpp in Sources */,
				FEF4A6991D40E43700319EC9 /* Symbol.cpp in Sources */,
				FEF4A6B11D41118500319EC9 /* AST.cpp in Sources */,
				FEF4A6A41D40E4B600319EC9 /* Parser.cpp in Sources */,
				FEF4A69E1D40E45200319EC9 /* utils.cpp in Sources */,
			);
			runOnlyForDeploymentPostprocessing = 0;
		};
/* End PBXSourcesBuildPhase section */

/* Begin XCBuildConfiguration section */
		FE1EE3CE1D40BA93006A721A /* Debug */ = {
			isa = XCBuildConfiguration;
			buildSettings = {
				ALWAYS_SEARCH_USER_PATHS = NO;
				CLANG_ANALYZER_NONNULL = YES;
				CLANG_CXX_LANGUAGE_STANDARD = "gnu++0x";
				CLANG_CXX_LIBRARY = "libc++";
				CLANG_ENABLE_MODULES = YES;
				CLANG_ENABLE_OBJC_ARC = YES;
				CLANG_WARN_BOOL_CONVERSION = YES;
				CLANG_WARN_CONSTANT_CONVERSION = YES;
				CLANG_WARN_DIRECT_OBJC_ISA_USAGE = YES_ERROR;
				CLANG_WARN_EMPTY_BODY = YES;
				CLANG_WARN_ENUM_CONVERSION = YES;
				CLANG_WARN_INT_CONVERSION = YES;
				CLANG_WARN_OBJC_ROOT_CLASS = YES_ERROR;
				CLANG_WARN_UNREACHABLE_CODE = YES;
				CLANG_WARN__DUPLICATE_METHOD_MATCH = YES;
				CODE_SIGN_IDENTITY = "-";
				COPY_PHASE_STRIP = NO;
				DEBUG_INFORMATION_FORMAT = dwarf;
				ENABLE_STRICT_OBJC_MSGSEND = YES;
				ENABLE_TESTABILITY = YES;
				GCC_C_LANGUAGE_STANDARD = gnu99;
				GCC_DYNAMIC_NO_PIC = NO;
				GCC_NO_COMMON_BLOCKS = YES;
				GCC_OPTIMIZATION_LEVEL = 0;
				GCC_PREPROCESSOR_DEFINITIONS = (
					"DEBUG=1",
					"$(inherited)",
				);
				GCC_WARN_64_TO_32_BIT_CONVERSION = YES;
				GCC_WARN_ABOUT_RETURN_TYPE = YES_ERROR;
				GCC_WARN_UNDECLARED_SELECTOR = YES;
				GCC_WARN_UNINITIALIZED_AUTOS = YES_AGGRESSIVE;
				GCC_WARN_UNUSED_FUNCTION = YES;
				GCC_WARN_UNUSED_VARIABLE = YES;
				MACOSX_DEPLOYMENT_TARGET = 10.11;
				MTL_ENABLE_DEBUG_INFO = YES;
				ONLY_ACTIVE_ARCH = YES;
				SDKROOT = macosx;
			};
			name = Debug;
		};
		FE1EE3CF1D40BA93006A721A /* Release */ = {
			isa = XCBuildConfiguration;
			buildSettings = {
				ALWAYS_SEARCH_USER_PATHS = NO;
				CLANG_ANALYZER_NONNULL = YES;
				CLANG_CXX_LANGUAGE_STANDARD = "gnu++0x";
				CLANG_CXX_LIBRARY = "libc++";
				CLANG_ENABLE_MODULES = YES;
				CLANG_ENABLE_OBJC_ARC = YES;
				CLANG_WARN_BOOL_CONVERSION = YES;
				CLANG_WARN_CONSTANT_CONVERSION = YES;
				CLANG_WARN_DIRECT_OBJC_ISA_USAGE = YES_ERROR;
				CLANG_WARN_EMPTY_BODY = YES;
				CLANG_WARN_ENUM_CONVERSION = YES;
				CLANG_WARN_INT_CONVERSION = YES;
				CLANG_WARN_OBJC_ROOT_CLASS = YES_ERROR;
				CLANG_WARN_UNREACHABLE_CODE = YES;
				CLANG_WARN__DUPLICATE_METHOD_MATCH = YES;
				CODE_SIGN_IDENTITY = "-";
				COPY_PHASE_STRIP = NO;
				DEBUG_INFORMATION_FORMAT = "dwarf-with-dsym";
				ENABLE_NS_ASSERTIONS = NO;
				ENABLE_STRICT_OBJC_MSGSEND = YES;
				GCC_C_LANGUAGE_STANDARD = gnu99;
				GCC_NO_COMMON_BLOCKS = YES;
				GCC_WARN_64_TO_32_BIT_CONVERSION = YES;
				GCC_WARN_ABOUT_RETURN_TYPE = YES_ERROR;
				GCC_WARN_UNDECLARED_SELECTOR = YES;
				GCC_WARN_UNINITIALIZED_AUTOS = YES_AGGRESSIVE;
				GCC_WARN_UNUSED_FUNCTION = YES;
				GCC_WARN_UNUSED_VARIABLE = YES;
				MACOSX_DEPLOYMENT_TARGET = 10.11;
				MTL_ENABLE_DEBUG_INFO = NO;
				SDKROOT = macosx;
			};
			name = Release;
		};
		FE1EE3D11D40BA93006A721A /* Debug */ = {
			isa = XCBuildConfiguration;
			buildSettings = {
				CLANG_CXX_LANGUAGE_STANDARD = "c++14";
				GCC_WARN_64_TO_32_BIT_CONVERSION = NO;
				HEADER_SEARCH_PATHS = /usr/local/Cellar/boost/1.59.0/include;
				PRODUCT_NAME = "$(TARGET_NAME)";
			};
			name = Debug;
		};
		FE1EE3D21D40BA93006A721A /* Release */ = {
			isa = XCBuildConfiguration;
			buildSettings = {
				CLANG_CXX_LANGUAGE_STANDARD = "c++14";
				GCC_WARN_64_TO_32_BIT_CONVERSION = NO;
				HEADER_SEARCH_PATHS = /usr/local/Cellar/boost/1.59.0/include;
				PRODUCT_NAME = "$(TARGET_NAME)";
			};
			name = Release;
		};
/* End XCBuildConfiguration section */

/* Begin XCConfigurationList section */
		FE1EE3C41D40BA93006A721A /* Build configuration list for PBXProject "InterpreterRuntime" */ = {
			isa = XCConfigurationList;
			buildConfigurations = (
				FE1EE3CE1D40BA93006A721A /* Debug */,
				FE1EE3CF1D40BA93006A721A /* Release */,
			);
			defaultConfigurationIsVisible = 0;
			defaultConfigurationName = Release;
		};
		FE1EE3D01D40BA93006A721A /* Build configuration list for PBXNativeTarget "InterpreterRuntime" */ = {
			isa = XCConfigurationList;
			buildConfigurations = (
				FE1EE3D11D40BA93006A721A /* Debug */,
				FE1EE3D21D40BA93006A721A /* Release */,
			);
			defaultConfigurationIsVisible = 0;
			defaultConfigurationName = Release;
		};
/* End XCConfigurationList section */
	};
	rootObject = FE1EE3C11D40BA93006A721A /* Project object */;
}
